{
  "name": "lippkg-github-bot",
  "version": "0.10.0",
  "lockfileVersion": 3,
  "requires": true,
  "packages": {
    "": {
      "name": "lippkg-github-bot",
      "version": "0.10.0",
      "devDependencies": {
        "@tsconfig/node20": "^20.1.4",
        "typescript": "^5.6.2"
      }
    },
    "node_modules/@tsconfig/node20": {
      "version": "20.1.4",
      "resolved": "https://registry.npmjs.org/@tsconfig/node20/-/node20-20.1.4.tgz",
      "integrity": "sha512-sqgsT69YFeLWf5NtJ4Xq/xAF8p4ZQHlmGW74Nu2tD4+g5fAsposc4ZfaaPixVu4y01BEiDCWLRDCvDM5JOsRxg==",
      "dev": true
    },
    "node_modules/typescript": {
      "version": "5.6.2",
      "resolved": "https://registry.npmjs.org/typescript/-/typescript-5.6.2.tgz",
      "integrity": "sha512-NW8ByodCSNCwZeghjN3o+JX5OFH0Ojg6sadjEKY4huZ52TqbJTJnDo5+Tw98lSy63NZvi4n+ez5m2u5d4PkZyw==",
      "dev": true,
      "bin": {
        "tsc": "bin/tsc",
        "tsserver": "bin/tsserver"
      },
      "engines": {
        "node": ">=14.17"
      }
    }
  }
}
